// !$*UTF8*$!
{
	archiveVersion = 1;
	classes = {
	};
	objectVersion = 46;
	objects = {

/* Begin PBXBuildFile section */
		2C200D621E33B50D007136FB /* main.m in Sources */ = {isa = PBXBuildFile; fileRef = 2C200D611E33B50D007136FB /* main.m */; };
		2C200D651E33B50D007136FB /* AppDelegate.m in Sources */ = {isa = PBXBuildFile; fileRef = 2C200D641E33B50D007136FB /* AppDelegate.m */; };
		2C200D6B1E33B50D007136FB /* Main.storyboard in Resources */ = {isa = PBXBuildFile; fileRef = 2C200D691E33B50D007136FB /* Main.storyboard */; };
		2C200D6E1E33B50D007136FB /* ZohoNotes.xcdatamodeld in Sources */ = {isa = PBXBuildFile; fileRef = 2C200D6C1E33B50D007136FB /* ZohoNotes.xcdatamodeld */; };
		2C200D701E33B50D007136FB /* Assets.xcassets in Resources */ = {isa = PBXBuildFile; fileRef = 2C200D6F1E33B50D007136FB /* Assets.xcassets */; };
		2C200D731E33B50D007136FB /* LaunchScreen.storyboard in Resources */ = {isa = PBXBuildFile; fileRef = 2C200D711E33B50D007136FB /* LaunchScreen.storyboard */; };
		2C200D7D1E33B53F007136FB /* FolderViewController.m in Sources */ = {isa = PBXBuildFile; fileRef = 2C200D7C1E33B53F007136FB /* FolderViewController.m */; };
		2C200D8C1E33B811007136FB /* NotesViewController.m in Sources */ = {isa = PBXBuildFile; fileRef = 2C200D8B1E33B811007136FB /* NotesViewController.m */; };
		2C200D9B1E33E2A1007136FB /* NotesDescriptionViewController.m in Sources */ = {isa = PBXBuildFile; fileRef = 2C200D9A1E33E2A1007136FB /* NotesDescriptionViewController.m */; };
		2C200D9F1E33E32F007136FB /* UIImage+NotesImages.m in Sources */ = {isa = PBXBuildFile; fileRef = 2C200D9E1E33E32F007136FB /* UIImage+NotesImages.m */; };
		2C200DA21E33E33C007136FB /* GetLocationFromMapViewController.m in Sources */ = {isa = PBXBuildFile; fileRef = 2C200DA11E33E33C007136FB /* GetLocationFromMapViewController.m */; };
		2C200DAA1E33EC94007136FB /* AddImagesCollectionViewCell.m in Sources */ = {isa = PBXBuildFile; fileRef = 2C200DA91E33EC94007136FB /* AddImagesCollectionViewCell.m */; };
		2C200DC31E34E35B007136FB /* NotesCollectionViewCell.m in Sources */ = {isa = PBXBuildFile; fileRef = 2C200DC21E34E35B007136FB /* NotesCollectionViewCell.m */; };
		2C200DC61E34E42F007136FB /* FolderCollectionViewCell.m in Sources */ = {isa = PBXBuildFile; fileRef = 2C200DC51E34E42F007136FB /* FolderCollectionViewCell.m */; };
		C96F031A2D85A6BA4A2AA819 /* libPods-ZohoNotes.a in Frameworks */ = {isa = PBXBuildFile; fileRef = B16B5A03F5B30418EF84C8D6 /* libPods-ZohoNotes.a */; };
/* End PBXBuildFile section */

/* Begin PBXFileReference section */
		04BB4FDC874B4FC20105F2A1 /* Pods-ZohoNotes.debug.xcconfig */ = {isa = PBXFileReference; includeInIndex = 1; lastKnownFileType = text.xcconfig; name = "Pods-ZohoNotes.debug.xcconfig"; path = "Pods/Target Support Files/Pods-ZohoNotes/Pods-ZohoNotes.debug.xcconfig"; sourceTree = "<group>"; };
		2C200D5D1E33B50D007136FB /* ZohoNotes.app */ = {isa = PBXFileReference; explicitFileType = wrapper.application; includeInIndex = 0; path = ZohoNotes.app; sourceTree = BUILT_PRODUCTS_DIR; };
		2C200D611E33B50D007136FB /* main.m */ = {isa = PBXFileReference; lastKnownFileType = sourcecode.c.objc; path = main.m; sourceTree = "<group>"; };
		2C200D631E33B50D007136FB /* AppDelegate.h */ = {isa = PBXFileReference; lastKnownFileType = sourcecode.c.h; path = AppDelegate.h; sourceTree = "<group>"; };
		2C200D641E33B50D007136FB /* AppDelegate.m */ = {isa = PBXFileReference; lastKnownFileType = sourcecode.c.objc; path = AppDelegate.m; sourceTree = "<group>"; };
		2C200D6A1E33B50D007136FB /* Base */ = {isa = PBXFileReference; lastKnownFileType = file.storyboard; name = Base; path = Base.lproj/Main.storyboard; sourceTree = "<group>"; };
		2C200D6D1E33B50D007136FB /* ZohoNotes.xcdatamodel */ = {isa = PBXFileReference; lastKnownFileType = wrapper.xcdatamodel; path = ZohoNotes.xcdatamodel; sourceTree = "<group>"; };
		2C200D6F1E33B50D007136FB /* Assets.xcassets */ = {isa = PBXFileReference; lastKnownFileType = folder.assetcatalog; path = Assets.xcassets; sourceTree = "<group>"; };
		2C200D721E33B50D007136FB /* Base */ = {isa = PBXFileReference; lastKnownFileType = file.storyboard; name = Base; path = Base.lproj/LaunchScreen.storyboard; sourceTree = "<group>"; };
		2C200D741E33B50D007136FB /* Info.plist */ = {isa = PBXFileReference; lastKnownFileType = text.plist.xml; path = Info.plist; sourceTree = "<group>"; };
		2C200D7B1E33B53F007136FB /* FolderViewController.h */ = {isa = PBXFileReference; fileEncoding = 4; lastKnownFileType = sourcecode.c.h; path = FolderViewController.h; sourceTree = "<group>"; };
		2C200D7C1E33B53F007136FB /* FolderViewController.m */ = {isa = PBXFileReference; fileEncoding = 4; lastKnownFileType = sourcecode.c.objc; path = FolderViewController.m; sourceTree = "<group>"; };
		2C200D8A1E33B811007136FB /* NotesViewController.h */ = {isa = PBXFileReference; fileEncoding = 4; lastKnownFileType = sourcecode.c.h; path = NotesViewController.h; sourceTree = "<group>"; };
		2C200D8B1E33B811007136FB /* NotesViewController.m */ = {isa = PBXFileReference; fileEncoding = 4; lastKnownFileType = sourcecode.c.objc; path = NotesViewController.m; sourceTree = "<group>"; };
		2C200D991E33E2A1007136FB /* NotesDescriptionViewController.h */ = {isa = PBXFileReference; fileEncoding = 4; lastKnownFileType = sourcecode.c.h; path = NotesDescriptionViewController.h; sourceTree = "<group>"; };
		2C200D9A1E33E2A1007136FB /* NotesDescriptionViewController.m */ = {isa = PBXFileReference; fileEncoding = 4; lastKnownFileType = sourcecode.c.objc; path = NotesDescriptionViewController.m; sourceTree = "<group>"; };
		2C200D9D1E33E328007136FB /* UIImage+NotesImages.h */ = {isa = PBXFileReference; lastKnownFileType = sourcecode.c.h; path = "UIImage+NotesImages.h"; sourceTree = "<group>"; };
		2C200D9E1E33E32F007136FB /* UIImage+NotesImages.m */ = {isa = PBXFileReference; fileEncoding = 4; lastKnownFileType = sourcecode.c.objc; path = "UIImage+NotesImages.m"; sourceTree = "<group>"; };
		2C200DA01E33E33C007136FB /* GetLocationFromMapViewController.h */ = {isa = PBXFileReference; fileEncoding = 4; lastKnownFileType = sourcecode.c.h; path = GetLocationFromMapViewController.h; sourceTree = "<group>"; };
		2C200DA11E33E33C007136FB /* GetLocationFromMapViewController.m */ = {isa = PBXFileReference; fileEncoding = 4; lastKnownFileType = sourcecode.c.objc; path = GetLocationFromMapViewController.m; sourceTree = "<group>"; };
		2C200DA81E33EC94007136FB /* AddImagesCollectionViewCell.h */ = {isa = PBXFileReference; fileEncoding = 4; lastKnownFileType = sourcecode.c.h; path = AddImagesCollectionViewCell.h; sourceTree = "<group>"; };
		2C200DA91E33EC94007136FB /* AddImagesCollectionViewCell.m */ = {isa = PBXFileReference; fileEncoding = 4; lastKnownFileType = sourcecode.c.objc; path = AddImagesCollectionViewCell.m; sourceTree = "<group>"; };
		2C200DC11E34E35B007136FB /* NotesCollectionViewCell.h */ = {isa = PBXFileReference; fileEncoding = 4; lastKnownFileType = sourcecode.c.h; path = NotesCollectionViewCell.h; sourceTree = "<group>"; };
		2C200DC21E34E35B007136FB /* NotesCollectionViewCell.m */ = {isa = PBXFileReference; fileEncoding = 4; lastKnownFileType = sourcecode.c.objc; path = NotesCollectionViewCell.m; sourceTree = "<group>"; };
		2C200DC41E34E42F007136FB /* FolderCollectionViewCell.h */ = {isa = PBXFileReference; fileEncoding = 4; lastKnownFileType = sourcecode.c.h; path = FolderCollectionViewCell.h; sourceTree = "<group>"; };
		2C200DC51E34E42F007136FB /* FolderCollectionViewCell.m */ = {isa = PBXFileReference; fileEncoding = 4; lastKnownFileType = sourcecode.c.objc; path = FolderCollectionViewCell.m; sourceTree = "<group>"; };
		746BE4090B8A5D0786EB420D /* Pods-ZohoNotes.release.xcconfig */ = {isa = PBXFileReference; includeInIndex = 1; lastKnownFileType = text.xcconfig; name = "Pods-ZohoNotes.release.xcconfig"; path = "Pods/Target Support Files/Pods-ZohoNotes/Pods-ZohoNotes.release.xcconfig"; sourceTree = "<group>"; };
		B16B5A03F5B30418EF84C8D6 /* libPods-ZohoNotes.a */ = {isa = PBXFileReference; explicitFileType = archive.ar; includeInIndex = 0; path = "libPods-ZohoNotes.a"; sourceTree = BUILT_PRODUCTS_DIR; };
/* End PBXFileReference section */

/* Begin PBXFrameworksBuildPhase section */
		2C200D5A1E33B50D007136FB /* Frameworks */ = {
			isa = PBXFrameworksBuildPhase;
			buildActionMask = 2147483647;
			files = (
				C96F031A2D85A6BA4A2AA819 /* libPods-ZohoNotes.a in Frameworks */,
			);
			runOnlyForDeploymentPostprocessing = 0;
		};
/* End PBXFrameworksBuildPhase section */

/* Begin PBXGroup section */
		287837E2B9AC6EFED086804D /* Frameworks */ = {
			isa = PBXGroup;
			children = (
				B16B5A03F5B30418EF84C8D6 /* libPods-ZohoNotes.a */,
			);
			name = Frameworks;
			sourceTree = "<group>";
		};
		2C200D541E33B50D007136FB = {
			isa = PBXGroup;
			children = (
				2C200D5F1E33B50D007136FB /* ZohoNotes */,
				2C200D5E1E33B50D007136FB /* Products */,
				BFECFE8E654E1BBD0711CCF1 /* Pods */,
				287837E2B9AC6EFED086804D /* Frameworks */,
			);
			sourceTree = "<group>";
		};
		2C200D5E1E33B50D007136FB /* Products */ = {
			isa = PBXGroup;
			children = (
				2C200D5D1E33B50D007136FB /* ZohoNotes.app */,
			);
			name = Products;
			sourceTree = "<group>";
		};
		2C200D5F1E33B50D007136FB /* ZohoNotes */ = {
			isa = PBXGroup;
			children = (
				2C200D9C1E33E310007136FB /* Utilities */,
				2C200D7A1E33B52C007136FB /* View Controller */,
				2C200D631E33B50D007136FB /* AppDelegate.h */,
				2C200D641E33B50D007136FB /* AppDelegate.m */,
				2C200D691E33B50D007136FB /* Main.storyboard */,
				2C200D6F1E33B50D007136FB /* Assets.xcassets */,
				2C200D711E33B50D007136FB /* LaunchScreen.storyboard */,
				2C200D741E33B50D007136FB /* Info.plist */,
				2C200D6C1E33B50D007136FB /* ZohoNotes.xcdatamodeld */,
				2C200D601E33B50D007136FB /* Supporting Files */,
			);
			path = ZohoNotes;
			sourceTree = "<group>";
		};
		2C200D601E33B50D007136FB /* Supporting Files */ = {
			isa = PBXGroup;
			children = (
				2C200D611E33B50D007136FB /* main.m */,
			);
			name = "Supporting Files";
			sourceTree = "<group>";
		};
		2C200D7A1E33B52C007136FB /* View Controller */ = {
			isa = PBXGroup;
			children = (
				2C200DC01E34E329007136FB /* Get Location */,
				2C200DBF1E34E318007136FB /* Notes Description */,
				2C200DBE1E34E30D007136FB /* Notes */,
				2C200DBD1E34E2FF007136FB /* Folder */,
			);
			name = "View Controller";
			sourceTree = "<group>";
		};
		2C200D9C1E33E310007136FB /* Utilities */ = {
			isa = PBXGroup;
			children = (
				2C200D9E1E33E32F007136FB /* UIImage+NotesImages.m */,
				2C200D9D1E33E328007136FB /* UIImage+NotesImages.h */,
			);
			name = Utilities;
			sourceTree = "<group>";
		};
		2C200DBD1E34E2FF007136FB /* Folder */ = {
			isa = PBXGroup;
			children = (
				2C200D7B1E33B53F007136FB /* FolderViewController.h */,
				2C200D7C1E33B53F007136FB /* FolderViewController.m */,
				2C200DC41E34E42F007136FB /* FolderCollectionViewCell.h */,
				2C200DC51E34E42F007136FB /* FolderCollectionViewCell.m */,
			);
			name = Folder;
			sourceTree = "<group>";
		};
		2C200DBE1E34E30D007136FB /* Notes */ = {
			isa = PBXGroup;
			children = (
				2C200D8A1E33B811007136FB /* NotesViewController.h */,
				2C200D8B1E33B811007136FB /* NotesViewController.m */,
				2C200DC11E34E35B007136FB /* NotesCollectionViewCell.h */,
				2C200DC21E34E35B007136FB /* NotesCollectionViewCell.m */,
			);
			name = Notes;
			sourceTree = "<group>";
		};
		2C200DBF1E34E318007136FB /* Notes Description */ = {
			isa = PBXGroup;
			children = (
				2C200DA81E33EC94007136FB /* AddImagesCollectionViewCell.h */,
				2C200DA91E33EC94007136FB /* AddImagesCollectionViewCell.m */,
				2C200D991E33E2A1007136FB /* NotesDescriptionViewController.h */,
				2C200D9A1E33E2A1007136FB /* NotesDescriptionViewController.m */,
			);
			name = "Notes Description";
			sourceTree = "<group>";
		};
		2C200DC01E34E329007136FB /* Get Location */ = {
			isa = PBXGroup;
			children = (
				2C200DA01E33E33C007136FB /* GetLocationFromMapViewController.h */,
				2C200DA11E33E33C007136FB /* GetLocationFromMapViewController.m */,
			);
			name = "Get Location";
			sourceTree = "<group>";
		};
		BFECFE8E654E1BBD0711CCF1 /* Pods */ = {
			isa = PBXGroup;
			children = (
				04BB4FDC874B4FC20105F2A1 /* Pods-ZohoNotes.debug.xcconfig */,
				746BE4090B8A5D0786EB420D /* Pods-ZohoNotes.release.xcconfig */,
			);
			name = Pods;
			sourceTree = "<group>";
		};
/* End PBXGroup section */

/* Begin PBXNativeTarget section */
		2C200D5C1E33B50D007136FB /* ZohoNotes */ = {
			isa = PBXNativeTarget;
			buildConfigurationList = 2C200D771E33B50D007136FB /* Build configuration list for PBXNativeTarget "ZohoNotes" */;
			buildPhases = (
				AC1CA56C240D0FF9A2FFFA90 /* [CP] Check Pods Manifest.lock */,
				2C200D591E33B50D007136FB /* Sources */,
				2C200D5A1E33B50D007136FB /* Frameworks */,
				2C200D5B1E33B50D007136FB /* Resources */,
				60E22D3D0955BA1ED014C5FF /* [CP] Embed Pods Frameworks */,
				74E7A68063FD49417965CAAA /* [CP] Copy Pods Resources */,
			);
			buildRules = (
			);
			dependencies = (
			);
			name = ZohoNotes;
			productName = ZohoNotes;
			productReference = 2C200D5D1E33B50D007136FB /* ZohoNotes.app */;
			productType = "com.apple.product-type.application";
		};
/* End PBXNativeTarget section */

/* Begin PBXProject section */
		2C200D551E33B50D007136FB /* Project object */ = {
			isa = PBXProject;
			attributes = {
				LastUpgradeCheck = 0820;
				ORGANIZATIONNAME = BALACHANDAR;
				TargetAttributes = {
					2C200D5C1E33B50D007136FB = {
						CreatedOnToolsVersion = 8.2.1;
						DevelopmentTeam = 928S455T9D;
						ProvisioningStyle = Automatic;
					};
				};
			};
			buildConfigurationList = 2C200D581E33B50D007136FB /* Build configuration list for PBXProject "ZohoNotes" */;
			compatibilityVersion = "Xcode 3.2";
			developmentRegion = English;
			hasScannedForEncodings = 0;
			knownRegions = (
				en,
				Base,
			);
			mainGroup = 2C200D541E33B50D007136FB;
			productRefGroup = 2C200D5E1E33B50D007136FB /* Products */;
			projectDirPath = "";
			projectRoot = "";
			targets = (
				2C200D5C1E33B50D007136FB /* ZohoNotes */,
			);
		};
/* End PBXProject section */

/* Begin PBXResourcesBuildPhase section */
		2C200D5B1E33B50D007136FB /* Resources */ = {
			isa = PBXResourcesBuildPhase;
			buildActionMask = 2147483647;
			files = (
				2C200D731E33B50D007136FB /* LaunchScreen.storyboard in Resources */,
				2C200D701E33B50D007136FB /* Assets.xcassets in Resources */,
				2C200D6B1E33B50D007136FB /* Main.storyboard in Resources */,
			);
			runOnlyForDeploymentPostprocessing = 0;
		};
/* End PBXResourcesBuildPhase section */

/* Begin PBXShellScriptBuildPhase section */
		60E22D3D0955BA1ED014C5FF /* [CP] Embed Pods Frameworks */ = {
			isa = PBXShellScriptBuildPhase;
			buildActionMask = 2147483647;
			files = (
			);
			inputPaths = (
			);
			name = "[CP] Embed Pods Frameworks";
			outputPaths = (
			);
			runOnlyForDeploymentPostprocessing = 0;
			shellPath = /bin/sh;
			shellScript = "\"${SRCROOT}/Pods/Target Support Files/Pods-ZohoNotes/Pods-ZohoNotes-frameworks.sh\"\n";
			showEnvVarsInLog = 0;
		};
		74E7A68063FD49417965CAAA /* [CP] Copy Pods Resources */ = {
			isa = PBXShellScriptBuildPhase;
			buildActionMask = 2147483647;
			files = (
			);
			inputPaths = (
			);
			name = "[CP] Copy Pods Resources";
			outputPaths = (
			);
			runOnlyForDeploymentPostprocessing = 0;
			shellPath = /bin/sh;
			shellScript = "\"${SRCROOT}/Pods/Target Support Files/Pods-ZohoNotes/Pods-ZohoNotes-resources.sh\"\n";
			showEnvVarsInLog = 0;
		};
		AC1CA56C240D0FF9A2FFFA90 /* [CP] Check Pods Manifest.lock */ = {
			isa = PBXShellScriptBuildPhase;
			buildActionMask = 2147483647;
			files = (
			);
			inputPaths = (
			);
			name = "[CP] Check Pods Manifest.lock";
			outputPaths = (
			);
			runOnlyForDeploymentPostprocessing = 0;
			shellPath = /bin/sh;
			shellScript = "diff \"${PODS_ROOT}/../Podfile.lock\" \"${PODS_ROOT}/Manifest.lock\" > /dev/null\nif [ $? != 0 ] ; then\n    # print error to STDERR\n    echo \"error: The sandbox is not in sync with the Podfile.lock. Run 'pod install' or update your CocoaPods installation.\" >&2\n    exit 1\nfi\n";
			showEnvVarsInLog = 0;
		};
/* End PBXShellScriptBuildPhase section */

/* Begin PBXSourcesBuildPhase section */
		2C200D591E33B50D007136FB /* Sources */ = {
			isa = PBXSourcesBuildPhase;
			buildActionMask = 2147483647;
			files = (
				2C200D8C1E33B811007136FB /* NotesViewController.m in Sources */,
				2C200D7D1E33B53F007136FB /* FolderViewController.m in Sources */,
				2C200D651E33B50D007136FB /* AppDelegate.m in Sources */,
				2C200DA21E33E33C007136FB /* GetLocationFromMapViewController.m in Sources */,
				2C200D621E33B50D007136FB /* main.m in Sources */,
				2C200DC61E34E42F007136FB /* FolderCollectionViewCell.m in Sources */,
				2C200D9B1E33E2A1007136FB /* NotesDescriptionViewController.m in Sources */,
				2C200DC31E34E35B007136FB /* NotesCollectionViewCell.m in Sources */,
				2C200D6E1E33B50D007136FB /* ZohoNotes.xcdatamodeld in Sources */,
				2C200D9F1E33E32F007136FB /* UIImage+NotesImages.m in Sources */,
				2C200DAA1E33EC94007136FB /* AddImagesCollectionViewCell.m in Sources */,
			);
			runOnlyForDeploymentPostprocessing = 0;
		};
/* End PBXSourcesBuildPhase section */

/* Begin PBXVariantGroup section */
		2C200D691E33B50D007136FB /* Main.storyboard */ = {
			isa = PBXVariantGroup;
			children = (
				2C200D6A1E33B50D007136FB /* Base */,
			);
			name = Main.storyboard;
			sourceTree = "<group>";
		};
		2C200D711E33B50D007136FB /* LaunchScreen.storyboard */ = {
			isa = PBXVariantGroup;
			children = (
				2C200D721E33B50D007136FB /* Base */,
			);
			name = LaunchScreen.storyboard;
			sourceTree = "<group>";
		};
/* End PBXVariantGroup section */

/* Begin XCBuildConfiguration section */
		2C200D751E33B50D007136FB /* Debug */ = {
			isa = XCBuildConfiguration;
			buildSettings = {
				ALWAYS_SEARCH_USER_PATHS = NO;
				CLANG_ANALYZER_NONNULL = YES;
				CLANG_CXX_LANGUAGE_STANDARD = "gnu++0x";
				CLANG_CXX_LIBRARY = "libc++";
				CLANG_ENABLE_MODULES = YES;
				CLANG_ENABLE_OBJC_ARC = YES;
				CLANG_WARN_BOOL_CONVERSION = YES;
				CLANG_WARN_CONSTANT_CONVERSION = YES;
				CLANG_WARN_DIRECT_OBJC_ISA_USAGE = YES_ERROR;
				CLANG_WARN_DOCUMENTATION_COMMENTS = YES;
				CLANG_WARN_EMPTY_BODY = YES;
				CLANG_WARN_ENUM_CONVERSION = YES;
				CLANG_WARN_INFINITE_RECURSION = YES;
				CLANG_WARN_INT_CONVERSION = YES;
				CLANG_WARN_OBJC_ROOT_CLASS = YES_ERROR;
				CLANG_WARN_SUSPICIOUS_MOVE = YES;
				CLANG_WARN_UNREACHABLE_CODE = YES;
				CLANG_WARN__DUPLICATE_METHOD_MATCH = YES;
				"CODE_SIGN_IDENTITY[sdk=iphoneos*]" = "iPhone Developer";
				COPY_PHASE_STRIP = NO;
				DEBUG_INFORMATION_FORMAT = dwarf;
				ENABLE_STRICT_OBJC_MSGSEND = YES;
				ENABLE_TESTABILITY = YES;
				GCC_C_LANGUAGE_STANDARD = gnu99;
				GCC_DYNAMIC_NO_PIC = NO;
				GCC_NO_COMMON_BLOCKS = YES;
				GCC_OPTIMIZATION_LEVEL = 0;
				GCC_PREPROCESSOR_DEFINITIONS = (
					"DEBUG=1",
					"$(inherited)",
				);
				GCC_WARN_64_TO_32_BIT_CONVERSION = YES;
				GCC_WARN_ABOUT_RETURN_TYPE = YES_ERROR;
				GCC_WARN_UNDECLARED_SELECTOR = YES;
				GCC_WARN_UNINITIALIZED_AUTOS = YES_AGGRESSIVE;
				GCC_WARN_UNUSED_FUNCTION = YES;
				GCC_WARN_UNUSED_VARIABLE = YES;
				IPHONEOS_DEPLOYMENT_TARGET = 10.0;
				MTL_ENABLE_DEBUG_INFO = YES;
				ONLY_ACTIVE_ARCH = YES;
				SDKROOT = iphoneos;
			};
			name = Debug;
		};
		2C200D761E33B50D007136FB /* Release */ = {
			isa = XCBuildConfiguration;
			buildSettings = {
				ALWAYS_SEARCH_USER_PATHS = NO;
				CLANG_ANALYZER_NONNULL = YES;
				CLANG_CXX_LANGUAGE_STANDARD = "gnu++0x";
				CLANG_CXX_LIBRARY = "libc++";
				CLANG_ENABLE_MODULES = YES;
				CLANG_ENABLE_OBJC_ARC = YES;
				CLANG_WARN_BOOL_CONVERSION = YES;
				CLANG_WARN_CONSTANT_CONVERSION = YES;
				CLANG_WARN_DIRECT_OBJC_ISA_USAGE = YES_ERROR;
				CLANG_WARN_DOCUMENTATION_COMMENTS = YES;
				CLANG_WARN_EMPTY_BODY = YES;
				CLANG_WARN_ENUM_CONVERSION = YES;
				CLANG_WARN_INFINITE_RECURSION = YES;
				CLANG_WARN_INT_CONVERSION = YES;
				CLANG_WARN_OBJC_ROOT_CLASS = YES_ERROR;
				CLANG_WARN_SUSPICIOUS_MOVE = YES;
				CLANG_WARN_UNREACHABLE_CODE = YES;
				CLANG_WARN__DUPLICATE_METHOD_MATCH = YES;
				"CODE_SIGN_IDENTITY[sdk=iphoneos*]" = "iPhone Developer";
				COPY_PHASE_STRIP = NO;
				DEBUG_INFORMATION_FORMAT = "dwarf-with-dsym";
				ENABLE_NS_ASSERTIONS = NO;
				ENABLE_STRICT_OBJC_MSGSEND = YES;
				GCC_C_LANGUAGE_STANDARD = gnu99;
				GCC_NO_COMMON_BLOCKS = YES;
				GCC_WARN_64_TO_32_BIT_CONVERSION = YES;
				GCC_WARN_ABOUT_RETURN_TYPE = YES_ERROR;
				GCC_WARN_UNDECLARED_SELECTOR = YES;
				GCC_WARN_UNINITIALIZED_AUTOS = YES_AGGRESSIVE;
				GCC_WARN_UNUSED_FUNCTION = YES;
				GCC_WARN_UNUSED_VARIABLE = YES;
				IPHONEOS_DEPLOYMENT_TARGET = 10.0;
				MTL_ENABLE_DEBUG_INFO = NO;
				SDKROOT = iphoneos;
				VALIDATE_PRODUCT = YES;
			};
			name = Release;
		};
		2C200D781E33B50D007136FB /* Debug */ = {
			isa = XCBuildConfiguration;
			baseConfigurationReference = 04BB4FDC874B4FC20105F2A1 /* Pods-ZohoNotes.debug.xcconfig */;
			buildSettings = {
				ASSETCATALOG_COMPILER_APPICON_NAME = AppIcon;
				DEVELOPMENT_TEAM = 928S455T9D;
				INFOPLIST_FILE = ZohoNotes/Info.plist;
				IPHONEOS_DEPLOYMENT_TARGET = 10.0;
				LD_RUNPATH_SEARCH_PATHS = "$(inherited) @executable_path/Frameworks";
				PRODUCT_BUNDLE_IDENTIFIER = com.bala.ZohoNotes;
				PRODUCT_NAME = "$(TARGET_NAME)";
			};
			name = Debug;
		};
		2C200D791E33B50D007136FB /* Release */ = {
			isa = XCBuildConfiguration;
			baseConfigurationReference = 746BE4090B8A5D0786EB420D /* Pods-ZohoNotes.release.xcconfig */;
			buildSettings = {
				ASSETCATALOG_COMPILER_APPICON_NAME = AppIcon;
				DEVELOPMENT_TEAM = 928S455T9D;
				INFOPLIST_FILE = ZohoNotes/Info.plist;
				IPHONEOS_DEPLOYMENT_TARGET = 10.0;
				LD_RUNPATH_SEARCH_PATHS = "$(inherited) @executable_path/Frameworks";
				PRODUCT_BUNDLE_IDENTIFIER = com.bala.ZohoNotes;
				PRODUCT_NAME = "$(TARGET_NAME)";
			};
			name = Release;
		};
/* End XCBuildConfiguration section */

/* Begin XCConfigurationList section */
		2C200D581E33B50D007136FB /* Build configuration list for PBXProject "ZohoNotes" */ = {
			isa = XCConfigurationList;
			buildConfigurations = (
				2C200D751E33B50D007136FB /* Debug */,
				2C200D761E33B50D007136FB /* Release */,
			);
			defaultConfigurationIsVisible = 0;
			defaultConfigurationName = Release;
		};
		2C200D771E33B50D007136FB /* Build configuration list for PBXNativeTarget "ZohoNotes" */ = {
			isa = XCConfigurationList;
			buildConfigurations = (
				2C200D781E33B50D007136FB /* Debug */,
				2C200D791E33B50D007136FB /* Release */,
			);
			defaultConfigurationIsVisible = 0;
			defaultConfigurationName = Release;
		};
/* End XCConfigurationList section */

/* Begin XCVersionGroup section */
		2C200D6C1E33B50D007136FB /* ZohoNotes.xcdatamodeld */ = {
			isa = XCVersionGroup;
			children = (
				2C200D6D1E33B50D007136FB /* ZohoNotes.xcdatamodel */,
			);
			currentVersion = 2C200D6D1E33B50D007136FB /* ZohoNotes.xcdatamodel */;
			path = ZohoNotes.xcdatamodeld;
			sourceTree = "<group>";
			versionGroupType = wrapper.xcdatamodel;
		};
/* End XCVersionGroup section */
	};
	rootObject = 2C200D551E33B50D007136FB /* Project object */;
}
